
Microsoft Visual Studio Solution File, Format Version 12.00
# Visual Studio Version 16
VisualStudioVersion = 16.0.31019.35
MinimumVisualStudioVersion = 10.0.40219.1
Project("{FAE04EC0-301F-11D3-BF4B-00C04F79EFBC}") = "FlipCards", "FlipCardsDemo\FlipCards.csproj", "{1D6E05B2-6A15-478C-9AAD-A987A6B77AD2}"
EndProject
Project("{FAE04EC0-301F-11D3-BF4B-00C04F79EFBC}") = "FlipCards.Tests", "FlipCard.Tests\FlipCards.Tests.csproj", "{31E0A949-A528-40D2-B1D6-A13CA773E13C}"
EndProject
Global
	GlobalSection(SolutionConfigurationPlatforms) = preSolution
		Debug|Any CPU = Debug|Any CPU
		Release|Any CPU = Release|Any CPU
	EndGlobalSection
	GlobalSection(ProjectConfigurationPlatforms) = postSolution
		{1D6E05B2-6A15-478C-9AAD-A987A6B77AD2}.Debug|Any CPU.ActiveCfg = Debug|Any CPU
		{1D6E05B2-6A15-478C-9AAD-A987A6B77AD2}.Debug|Any CPU.Build.0 = Debug|Any CPU
		{1D6E05B2-6A15-478C-9AAD-A987A6B77AD2}.Release|Any CPU.ActiveCfg = Release|Any CPU
		{1D6E05B2-6A15-478C-9AAD-A987A6B77AD2}.Release|Any CPU.Build.0 = Release|Any CPU
		{31E0A949-A528-40D2-B1D6-A13CA773E13C}.Debug|Any CPU.ActiveCfg = Debug|Any CPU
		{31E0A949-A528-40D2-B1D6-A13CA773E13C}.Debug|Any CPU.Build.0 = Debug|Any CPU
		{31E0A949-A528-40D2-B1D6-A13CA773E13C}.Release|Any CPU.ActiveCfg = Release|Any CPU
		{31E0A949-A528-40D2-B1D6-A13CA773E13C}.Release|Any CPU.Build.0 = Release|Any CPU
	EndGlobalSection
	GlobalSection(SolutionProperties) = preSolution
		HideSolutionNode = FALSE
	EndGlobalSection
	GlobalSection(ExtensibilityGlobals) = postSolution
		SolutionGuid = {87FEF44C-8A35-446C-9F7C-68BD6A858B44}
	EndGlobalSection
EndGlobal
